
Microsoft Visual Studio Solution File, Format Version 12.00
# Visual Studio Version 17
VisualStudioVersion = 17.4.33213.308
MinimumVisualStudioVersion = 10.0.40219.1
Project("{FAE04EC0-301F-11D3-BF4B-00C04F79EFBC}") = "PersistenciaEF", "PersistenciaEF\PersistenciaEF.csproj", "{DFBB96E7-BFAA-4FE5-B31A-11DE78F88D7E}"
EndProject
Global
	GlobalSection(SolutionConfigurationPlatforms) = preSolution
		Debug|Any CPU = Debug|Any CPU
		Release|Any CPU = Release|Any CPU
	EndGlobalSection
	GlobalSection(ProjectConfigurationPlatforms) = postSolution
		{DFBB96E7-BFAA-4FE5-B31A-11DE78F88D7E}.Debug|Any CPU.ActiveCfg = Debug|Any CPU
		{DFBB96E7-BFAA-4FE5-B31A-11DE78F88D7E}.Debug|Any CPU.Build.0 = Debug|Any CPU
		{DFBB96E7-BFAA-4FE5-B31A-11DE78F88D7E}.Release|Any CPU.ActiveCfg = Release|Any CPU
		{DFBB96E7-BFAA-4FE5-B31A-11DE78F88D7E}.Release|Any CPU.Build.0 = Release|Any CPU
	EndGlobalSection
	GlobalSection(SolutionProperties) = preSolution
		HideSolutionNode = FALSE
	EndGlobalSection
	GlobalSection(ExtensibilityGlobals) = postSolution
		SolutionGuid = {784073DF-4490-4ED0-8E36-7BB5B8D7DE7C}
	EndGlobalSection
EndGlobal
